
Microsoft Visual Studio Solution File, Format Version 12.00
# Visual Studio 15
VisualStudioVersion = 15.0.28307.757
MinimumVisualStudioVersion = 10.0.40219.1
Project("{FAE04EC0-301F-11D3-BF4B-00C04F79EFBC}") = "GmailRead", "GmailRead.csproj", "{BC78E388-7EDE-4347-B12E-973DC6356923}"
EndProject
Global
	GlobalSection(SolutionConfigurationPlatforms) = preSolution
		Debug|Any CPU = Debug|Any CPU
		Release|Any CPU = Release|Any CPU
	EndGlobalSection
	GlobalSection(ProjectConfigurationPlatforms) = postSolution
		{BC78E388-7EDE-4347-B12E-973DC6356923}.Debug|Any CPU.ActiveCfg = Debug|Any CPU
		{BC78E388-7EDE-4347-B12E-973DC6356923}.Debug|Any CPU.Build.0 = Debug|Any CPU
		{BC78E388-7EDE-4347-B12E-973DC6356923}.Release|Any CPU.ActiveCfg = Release|Any CPU
		{BC78E388-7EDE-4347-B12E-973DC6356923}.Release|Any CPU.Build.0 = Release|Any CPU
	EndGlobalSection
	GlobalSection(SolutionProperties) = preSolution
		HideSolutionNode = FALSE
	EndGlobalSection
	GlobalSection(ExtensibilityGlobals) = postSolution
		SolutionGuid = {506A3923-CA2A-45D4-B504-51FE8F742220}
	EndGlobalSection
EndGlobal
